
Microsoft Visual Studio Solution File, Format Version 12.00
# Visual Studio Version 17
VisualStudioVersion = 17.3.32929.385
MinimumVisualStudioVersion = 10.0.40219.1
Project("{FAE04EC0-301F-11D3-BF4B-00C04F79EFBC}") = "001_初识类和名称空间", "001_初识类和名称空间.csproj", "{AF72EFDD-6674-4168-B865-B93029019867}"
EndProject
Global
	GlobalSection(SolutionConfigurationPlatforms) = preSolution
		Debug|Any CPU = Debug|Any CPU
		Release|Any CPU = Release|Any CPU
	EndGlobalSection
	GlobalSection(ProjectConfigurationPlatforms) = postSolution
		{AF72EFDD-6674-4168-B865-B93029019867}.Debug|Any CPU.ActiveCfg = Debug|Any CPU
		{AF72EFDD-6674-4168-B865-B93029019867}.Debug|Any CPU.Build.0 = Debug|Any CPU
		{AF72EFDD-6674-4168-B865-B93029019867}.Release|Any CPU.ActiveCfg = Release|Any CPU
		{AF72EFDD-6674-4168-B865-B93029019867}.Release|Any CPU.Build.0 = Release|Any CPU
	EndGlobalSection
	GlobalSection(SolutionProperties) = preSolution
		HideSolutionNode = FALSE
	EndGlobalSection
	GlobalSection(ExtensibilityGlobals) = postSolution
		SolutionGuid = {C047562B-4953-4A92-9DC5-49BDAA5674E4}
	EndGlobalSection
EndGlobal
